// !$*UTF8*$!
{
	archiveVersion = 1;
	classes = {
	};
	objectVersion = 56;
	objects = {

/* Begin PBXBuildFile section */
		B48038462B0690AB00070806 /* PresentationWorkApp.swift in Sources */ = {isa = PBXBuildFile; fileRef = B48038452B0690AB00070806 /* PresentationWorkApp.swift */; };
		B48038482B0690AB00070806 /* ListView.swift in Sources */ = {isa = PBXBuildFile; fileRef = B48038472B0690AB00070806 /* ListView.swift */; };
		B480384A2B0690AC00070806 /* Assets.xcassets in Resources */ = {isa = PBXBuildFile; fileRef = B48038492B0690AC00070806 /* Assets.xcassets */; };
		B480384D2B0690AC00070806 /* Preview Assets.xcassets in Resources */ = {isa = PBXBuildFile; fileRef = B480384C2B0690AC00070806 /* Preview Assets.xcassets */; };
		B48038542B07AFEB00070806 /* AddStudentView.swift in Sources */ = {isa = PBXBuildFile; fileRef = B48038532B07AFEB00070806 /* AddStudentView.swift */; };
		B48038562B0B317900070806 /* StudentTabView.swift in Sources */ = {isa = PBXBuildFile; fileRef = B48038552B0B317900070806 /* StudentTabView.swift */; };
		B4E61A5C2B199B7A00BF293D /* SideMenuView.swift in Sources */ = {isa = PBXBuildFile; fileRef = B4E61A5B2B199B7A00BF293D /* SideMenuView.swift */; };
		B4E61A5E2B199DB100BF293D /* SideMenu.swift in Sources */ = {isa = PBXBuildFile; fileRef = B4E61A5D2B199DB100BF293D /* SideMenu.swift */; };
		FA12F8E52B48431000F321BB /* SettingsTableViewCell.swift in Sources */ = {isa = PBXBuildFile; fileRef = FA12F8E32B48431000F321BB /* SettingsTableViewCell.swift */; };
		FA12F8E62B48431000F321BB /* SettingsTableViewCell.xib in Resources */ = {isa = PBXBuildFile; fileRef = FA12F8E42B48431000F321BB /* SettingsTableViewCell.xib */; };
		FA74C5E92B4ADB0400D09161 /* Profile.swift in Sources */ = {isa = PBXBuildFile; fileRef = FA74C5E82B4ADB0400D09161 /* Profile.swift */; };
		FAF6B2372B48339400D2B5E0 /* SettingsViewController.swift in Sources */ = {isa = PBXBuildFile; fileRef = FAF6B2352B48339400D2B5E0 /* SettingsViewController.swift */; };
		FAF6B2382B48339400D2B5E0 /* SettingsViewController.xib in Resources */ = {isa = PBXBuildFile; fileRef = FAF6B2362B48339400D2B5E0 /* SettingsViewController.xib */; };
/* End PBXBuildFile section */

/* Begin PBXFileReference section */
		B48038422B0690AB00070806 /* PresentationWork.app */ = {isa = PBXFileReference; explicitFileType = wrapper.application; includeInIndex = 0; path = PresentationWork.app; sourceTree = BUILT_PRODUCTS_DIR; };
		B48038452B0690AB00070806 /* PresentationWorkApp.swift */ = {isa = PBXFileReference; lastKnownFileType = sourcecode.swift; path = PresentationWorkApp.swift; sourceTree = "<group>"; };
		B48038472B0690AB00070806 /* ListView.swift */ = {isa = PBXFileReference; lastKnownFileType = sourcecode.swift; path = ListView.swift; sourceTree = "<group>"; };
		B48038492B0690AC00070806 /* Assets.xcassets */ = {isa = PBXFileReference; lastKnownFileType = folder.assetcatalog; path = Assets.xcassets; sourceTree = "<group>"; };
		B480384C2B0690AC00070806 /* Preview Assets.xcassets */ = {isa = PBXFileReference; lastKnownFileType = folder.assetcatalog; path = "Preview Assets.xcassets"; sourceTree = "<group>"; };
		B48038532B07AFEB00070806 /* AddStudentView.swift */ = {isa = PBXFileReference; lastKnownFileType = sourcecode.swift; path = AddStudentView.swift; sourceTree = "<group>"; };
		B48038552B0B317900070806 /* StudentTabView.swift */ = {isa = PBXFileReference; lastKnownFileType = sourcecode.swift; path = StudentTabView.swift; sourceTree = "<group>"; };
		B4E61A5B2B199B7A00BF293D /* SideMenuView.swift */ = {isa = PBXFileReference; lastKnownFileType = sourcecode.swift; path = SideMenuView.swift; sourceTree = "<group>"; };
		B4E61A5D2B199DB100BF293D /* SideMenu.swift */ = {isa = PBXFileReference; lastKnownFileType = sourcecode.swift; path = SideMenu.swift; sourceTree = "<group>"; };
		FA12F8E32B48431000F321BB /* SettingsTableViewCell.swift */ = {isa = PBXFileReference; lastKnownFileType = sourcecode.swift; path = SettingsTableViewCell.swift; sourceTree = "<group>"; };
		FA12F8E42B48431000F321BB /* SettingsTableViewCell.xib */ = {isa = PBXFileReference; lastKnownFileType = file.xib; path = SettingsTableViewCell.xib; sourceTree = "<group>"; };
		FA74C5E82B4ADB0400D09161 /* Profile.swift */ = {isa = PBXFileReference; lastKnownFileType = sourcecode.swift; path = Profile.swift; sourceTree = "<group>"; };
		FAF6B2352B48339400D2B5E0 /* SettingsViewController.swift */ = {isa = PBXFileReference; lastKnownFileType = sourcecode.swift; path = SettingsViewController.swift; sourceTree = "<group>"; };
		FAF6B2362B48339400D2B5E0 /* SettingsViewController.xib */ = {isa = PBXFileReference; lastKnownFileType = file.xib; path = SettingsViewController.xib; sourceTree = "<group>"; };
/* End PBXFileReference section */

/* Begin PBXFrameworksBuildPhase section */
		B480383F2B0690AB00070806 /* Frameworks */ = {
			isa = PBXFrameworksBuildPhase;
			buildActionMask = 2147483647;
			files = (
			);
			runOnlyForDeploymentPostprocessing = 0;
		};
/* End PBXFrameworksBuildPhase section */

/* Begin PBXGroup section */
		B401A7F52B3C024E00B3C9D8 /* ListView */ = {
			isa = PBXGroup;
			children = (
				B48038472B0690AB00070806 /* ListView.swift */,
			);
			path = ListView;
			sourceTree = "<group>";
		};
		B401A7F62B3C028500B3C9D8 /* SideMenu */ = {
			isa = PBXGroup;
			children = (
				B4E61A5B2B199B7A00BF293D /* SideMenuView.swift */,
				B4E61A5D2B199DB100BF293D /* SideMenu.swift */,
			);
			path = SideMenu;
			sourceTree = "<group>";
		};
		B401A7F72B3C029E00B3C9D8 /* StudentView */ = {
			isa = PBXGroup;
			children = (
				B401A7F82B3C02AA00B3C9D8 /* AddStudentView */,
				B48038552B0B317900070806 /* StudentTabView.swift */,
			);
			path = StudentView;
			sourceTree = "<group>";
		};
		B401A7F82B3C02AA00B3C9D8 /* AddStudentView */ = {
			isa = PBXGroup;
			children = (
				B48038532B07AFEB00070806 /* AddStudentView.swift */,
			);
			path = AddStudentView;
			sourceTree = "<group>";
		};
		B401A7F92B3C02B900B3C9D8 /* AppStruct */ = {
			isa = PBXGroup;
			children = (
				B48038452B0690AB00070806 /* PresentationWorkApp.swift */,
			);
			path = AppStruct;
			sourceTree = "<group>";
		};
		B48038392B0690AB00070806 = {
			isa = PBXGroup;
			children = (
				B48038442B0690AB00070806 /* PresentationWork */,
				B48038432B0690AB00070806 /* Products */,
			);
			sourceTree = "<group>";
		};
		B48038432B0690AB00070806 /* Products */ = {
			isa = PBXGroup;
			children = (
				B48038422B0690AB00070806 /* PresentationWork.app */,
			);
			name = Products;
			sourceTree = "<group>";
		};
		B48038442B0690AB00070806 /* PresentationWork */ = {
			isa = PBXGroup;
			children = (
				FAF6B2342B48337200D2B5E0 /* UIKit Views */,
				B401A7F92B3C02B900B3C9D8 /* AppStruct */,
				B401A7F72B3C029E00B3C9D8 /* StudentView */,
				B401A7F62B3C028500B3C9D8 /* SideMenu */,
				B401A7F52B3C024E00B3C9D8 /* ListView */,
				B48038492B0690AC00070806 /* Assets.xcassets */,
				B480384B2B0690AC00070806 /* Preview Content */,
			);
			path = PresentationWork;
			sourceTree = "<group>";
		};
		B480384B2B0690AC00070806 /* Preview Content */ = {
			isa = PBXGroup;
			children = (
				B480384C2B0690AC00070806 /* Preview Assets.xcassets */,
			);
			path = "Preview Content";
			sourceTree = "<group>";
		};
		FA12F8E22B4842F400F321BB /* Cells */ = {
			isa = PBXGroup;
			children = (
				FA12F8E32B48431000F321BB /* SettingsTableViewCell.swift */,
				FA12F8E42B48431000F321BB /* SettingsTableViewCell.xib */,
			);
			path = Cells;
			sourceTree = "<group>";
		};
		FA74C5E72B4ADAE900D09161 /* Profile */ = {
			isa = PBXGroup;
			children = (
				FA74C5E82B4ADB0400D09161 /* Profile.swift */,
			);
			path = Profile;
			sourceTree = "<group>";
		};
		FAF6B2342B48337200D2B5E0 /* UIKit Views */ = {
			isa = PBXGroup;
			children = (
				FA74C5E72B4ADAE900D09161 /* Profile */,
				FA12F8E22B4842F400F321BB /* Cells */,
				FAF6B2352B48339400D2B5E0 /* SettingsViewController.swift */,
				FAF6B2362B48339400D2B5E0 /* SettingsViewController.xib */,
			);
			path = "UIKit Views";
			sourceTree = "<group>";
		};
/* End PBXGroup section */

/* Begin PBXNativeTarget section */
		B48038412B0690AB00070806 /* PresentationWork */ = {
			isa = PBXNativeTarget;
			buildConfigurationList = B48038502B0690AC00070806 /* Build configuration list for PBXNativeTarget "PresentationWork" */;
			buildPhases = (
				B480383E2B0690AB00070806 /* Sources */,
				B480383F2B0690AB00070806 /* Frameworks */,
				B48038402B0690AB00070806 /* Resources */,
			);
			buildRules = (
			);
			dependencies = (
			);
			name = PresentationWork;
			productName = PresentationWork;
			productReference = B48038422B0690AB00070806 /* PresentationWork.app */;
			productType = "com.apple.product-type.application";
		};
/* End PBXNativeTarget section */

/* Begin PBXProject section */
		B480383A2B0690AB00070806 /* Project object */ = {
			isa = PBXProject;
			attributes = {
				BuildIndependentTargetsInParallel = 1;
				LastSwiftUpdateCheck = 1500;
				LastUpgradeCheck = 1500;
				TargetAttributes = {
					B48038412B0690AB00070806 = {
						CreatedOnToolsVersion = 15.0.1;
					};
				};
			};
			buildConfigurationList = B480383D2B0690AB00070806 /* Build configuration list for PBXProject "PresentationWork" */;
			compatibilityVersion = "Xcode 14.0";
			developmentRegion = en;
			hasScannedForEncodings = 0;
			knownRegions = (
				en,
				Base,
			);
			mainGroup = B48038392B0690AB00070806;
			productRefGroup = B48038432B0690AB00070806 /* Products */;
			projectDirPath = "";
			projectRoot = "";
			targets = (
				B48038412B0690AB00070806 /* PresentationWork */,
			);
		};
/* End PBXProject section */

/* Begin PBXResourcesBuildPhase section */
		B48038402B0690AB00070806 /* Resources */ = {
			isa = PBXResourcesBuildPhase;
			buildActionMask = 2147483647;
			files = (
				B480384D2B0690AC00070806 /* Preview Assets.xcassets in Resources */,
				FAF6B2382B48339400D2B5E0 /* SettingsViewController.xib in Resources */,
				FA12F8E62B48431000F321BB /* SettingsTableViewCell.xib in Resources */,
				B480384A2B0690AC00070806 /* Assets.xcassets in Resources */,
			);
			runOnlyForDeploymentPostprocessing = 0;
		};
/* End PBXResourcesBuildPhase section */

/* Begin PBXSourcesBuildPhase section */
		B480383E2B0690AB00070806 /* Sources */ = {
			isa = PBXSourcesBuildPhase;
			buildActionMask = 2147483647;
			files = (
				B48038482B0690AB00070806 /* ListView.swift in Sources */,
				B48038542B07AFEB00070806 /* AddStudentView.swift in Sources */,
				FA12F8E52B48431000F321BB /* SettingsTableViewCell.swift in Sources */,
				FAF6B2372B48339400D2B5E0 /* SettingsViewController.swift in Sources */,
				B4E61A5C2B199B7A00BF293D /* SideMenuView.swift in Sources */,
				B4E61A5E2B199DB100BF293D /* SideMenu.swift in Sources */,
				B48038562B0B317900070806 /* StudentTabView.swift in Sources */,
				FA74C5E92B4ADB0400D09161 /* Profile.swift in Sources */,
				B48038462B0690AB00070806 /* PresentationWorkApp.swift in Sources */,
			);
			runOnlyForDeploymentPostprocessing = 0;
		};
/* End PBXSourcesBuildPhase section */

/* Begin XCBuildConfiguration section */
		B480384E2B0690AC00070806 /* Debug */ = {
			isa = XCBuildConfiguration;
			buildSettings = {
				ALWAYS_SEARCH_USER_PATHS = NO;
				ASSETCATALOG_COMPILER_GENERATE_SWIFT_ASSET_SYMBOL_EXTENSIONS = YES;
				CLANG_ANALYZER_NONNULL = YES;
				CLANG_ANALYZER_NUMBER_OBJECT_CONVERSION = YES_AGGRESSIVE;
				CLANG_CXX_LANGUAGE_STANDARD = "gnu++20";
				CLANG_ENABLE_MODULES = YES;
				CLANG_ENABLE_OBJC_ARC = YES;
				CLANG_ENABLE_OBJC_WEAK = YES;
				CLANG_WARN_BLOCK_CAPTURE_AUTORELEASING = YES;
				CLANG_WARN_BOOL_CONVERSION = YES;
				CLANG_WARN_COMMA = YES;
				CLANG_WARN_CONSTANT_CONVERSION = YES;
				CLANG_WARN_DEPRECATED_OBJC_IMPLEMENTATIONS = YES;
				CLANG_WARN_DIRECT_OBJC_ISA_USAGE = YES_ERROR;
				CLANG_WARN_DOCUMENTATION_COMMENTS = YES;
				CLANG_WARN_EMPTY_BODY = YES;
				CLANG_WARN_ENUM_CONVERSION = YES;
				CLANG_WARN_INFINITE_RECURSION = YES;
				CLANG_WARN_INT_CONVERSION = YES;
				CLANG_WARN_NON_LITERAL_NULL_CONVERSION = YES;
				CLANG_WARN_OBJC_IMPLICIT_RETAIN_SELF = YES;
				CLANG_WARN_OBJC_LITERAL_CONVERSION = YES;
				CLANG_WARN_OBJC_ROOT_CLASS = YES_ERROR;
				CLANG_WARN_QUOTED_INCLUDE_IN_FRAMEWORK_HEADER = YES;
				CLANG_WARN_RANGE_LOOP_ANALYSIS = YES;
				CLANG_WARN_STRICT_PROTOTYPES = YES;
				CLANG_WARN_SUSPICIOUS_MOVE = YES;
				CLANG_WARN_UNGUARDED_AVAILABILITY = YES_AGGRESSIVE;
				CLANG_WARN_UNREACHABLE_CODE = YES;
				CLANG_WARN__DUPLICATE_METHOD_MATCH = YES;
				COPY_PHASE_STRIP = NO;
				DEBUG_INFORMATION_FORMAT = dwarf;
				ENABLE_STRICT_OBJC_MSGSEND = YES;
				ENABLE_TESTABILITY = YES;
				ENABLE_USER_SCRIPT_SANDBOXING = YES;
				GCC_C_LANGUAGE_STANDARD = gnu17;
				GCC_DYNAMIC_NO_PIC = NO;
				GCC_NO_COMMON_BLOCKS = YES;
				GCC_OPTIMIZATION_LEVEL = 0;
				GCC_PREPROCESSOR_DEFINITIONS = (
					"DEBUG=1",
					"$(inherited)",
				);
				GCC_WARN_64_TO_32_BIT_CONVERSION = YES;
				GCC_WARN_ABOUT_RETURN_TYPE = YES_ERROR;
				GCC_WARN_UNDECLARED_SELECTOR = YES;
				GCC_WARN_UNINITIALIZED_AUTOS = YES_AGGRESSIVE;
				GCC_WARN_UNUSED_FUNCTION = YES;
				GCC_WARN_UNUSED_VARIABLE = YES;
				IPHONEOS_DEPLOYMENT_TARGET = 17.0;
				LOCALIZATION_PREFERS_STRING_CATALOGS = YES;
				MTL_ENABLE_DEBUG_INFO = INCLUDE_SOURCE;
				MTL_FAST_MATH = YES;
				ONLY_ACTIVE_ARCH = YES;
				SDKROOT = iphoneos;
				SWIFT_ACTIVE_COMPILATION_CONDITIONS = "DEBUG $(inherited)";
				SWIFT_OPTIMIZATION_LEVEL = "-Onone";
			};
			name = Debug;
		};
		B480384F2B0690AC00070806 /* Release */ = {
			isa = XCBuildConfiguration;
			buildSettings = {
				ALWAYS_SEARCH_USER_PATHS = NO;
				ASSETCATALOG_COMPILER_GENERATE_SWIFT_ASSET_SYMBOL_EXTENSIONS = YES;
				CLANG_ANALYZER_NONNULL = YES;
				CLANG_ANALYZER_NUMBER_OBJECT_CONVERSION = YES_AGGRESSIVE;
				CLANG_CXX_LANGUAGE_STANDARD = "gnu++20";
				CLANG_ENABLE_MODULES = YES;
				CLANG_ENABLE_OBJC_ARC = YES;
				CLANG_ENABLE_OBJC_WEAK = YES;
				CLANG_WARN_BLOCK_CAPTURE_AUTORELEASING = YES;
				CLANG_WARN_BOOL_CONVERSION = YES;
				CLANG_WARN_COMMA = YES;
				CLANG_WARN_CONSTANT_CONVERSION = YES;
				CLANG_WARN_DEPRECATED_OBJC_IMPLEMENTATIONS = YES;
				CLANG_WARN_DIRECT_OBJC_ISA_USAGE = YES_ERROR;
				CLANG_WARN_DOCUMENTATION_COMMENTS = YES;
				CLANG_WARN_EMPTY_BODY = YES;
				CLANG_WARN_ENUM_CONVERSION = YES;
				CLANG_WARN_INFINITE_RECURSION = YES;
				CLANG_WARN_INT_CONVERSION = YES;
				CLANG_WARN_NON_LITERAL_NULL_CONVERSION = YES;
				CLANG_WARN_OBJC_IMPLICIT_RETAIN_SELF = YES;
				CLANG_WARN_OBJC_LITERAL_CONVERSION = YES;
				CLANG_WARN_OBJC_ROOT_CLASS = YES_ERROR;
				CLANG_WARN_QUOTED_INCLUDE_IN_FRAMEWORK_HEADER = YES;
				CLANG_WARN_RANGE_LOOP_ANALYSIS = YES;
				CLANG_WARN_STRICT_PROTOTYPES = YES;
				CLANG_WARN_SUSPICIOUS_MOVE = YES;
				CLANG_WARN_UNGUARDED_AVAILABILITY = YES_AGGRESSIVE;
				CLANG_WARN_UNREACHABLE_CODE = YES;
				CLANG_WARN__DUPLICATE_METHOD_MATCH = YES;
				COPY_PHASE_STRIP = NO;
				DEBUG_INFORMATION_FORMAT = "dwarf-with-dsym";
				ENABLE_NS_ASSERTIONS = NO;
				ENABLE_STRICT_OBJC_MSGSEND = YES;
				ENABLE_USER_SCRIPT_SANDBOXING = YES;
				GCC_C_LANGUAGE_STANDARD = gnu17;
				GCC_NO_COMMON_BLOCKS = YES;
				GCC_WARN_64_TO_32_BIT_CONVERSION = YES;
				GCC_WARN_ABOUT_RETURN_TYPE = YES_ERROR;
				GCC_WARN_UNDECLARED_SELECTOR = YES;
				GCC_WARN_UNINITIALIZED_AUTOS = YES_AGGRESSIVE;
				GCC_WARN_UNUSED_FUNCTION = YES;
				GCC_WARN_UNUSED_VARIABLE = YES;
				IPHONEOS_DEPLOYMENT_TARGET = 17.0;
				LOCALIZATION_PREFERS_STRING_CATALOGS = YES;
				MTL_ENABLE_DEBUG_INFO = NO;
				MTL_FAST_MATH = YES;
				SDKROOT = iphoneos;
				SWIFT_COMPILATION_MODE = wholemodule;
				VALIDATE_PRODUCT = YES;
			};
			name = Release;
		};
		B48038512B0690AC00070806 /* Debug */ = {
			isa = XCBuildConfiguration;
			buildSettings = {
				ASSETCATALOG_COMPILER_APPICON_NAME = AppIcon;
				ASSETCATALOG_COMPILER_GLOBAL_ACCENT_COLOR_NAME = AccentColor;
				CODE_SIGN_STYLE = Automatic;
				CURRENT_PROJECT_VERSION = 1;
				DEVELOPMENT_ASSET_PATHS = "\"PresentationWork/Preview Content\"";
				DEVELOPMENT_TEAM = J2JH2D8LT6;
				ENABLE_PREVIEWS = YES;
				GENERATE_INFOPLIST_FILE = YES;
				INFOPLIST_KEY_NSMainStoryboardFile = "";
				INFOPLIST_KEY_UIApplicationSceneManifest_Generation = YES;
				INFOPLIST_KEY_UIApplicationSupportsIndirectInputEvents = YES;
				INFOPLIST_KEY_UILaunchScreen_Generation = YES;
				INFOPLIST_KEY_UILaunchStoryboardName = "";
				INFOPLIST_KEY_UIMainStoryboardFile = "";
				INFOPLIST_KEY_UISupportedInterfaceOrientations_iPad = "UIInterfaceOrientationPortrait UIInterfaceOrientationPortraitUpsideDown UIInterfaceOrientationLandscapeLeft UIInterfaceOrientationLandscapeRight";
				INFOPLIST_KEY_UISupportedInterfaceOrientations_iPhone = "UIInterfaceOrientationPortrait UIInterfaceOrientationLandscapeLeft UIInterfaceOrientationLandscapeRight";
				LD_RUNPATH_SEARCH_PATHS = (
					"$(inherited)",
					"@executable_path/Frameworks",
				);
				MARKETING_VERSION = 1.0;
				PRODUCT_BUNDLE_IDENTIFIER = Swiftui.PresentationWork;
				PRODUCT_NAME = "$(TARGET_NAME)";
				SWIFT_EMIT_LOC_STRINGS = YES;
				SWIFT_VERSION = 5.0;
				TARGETED_DEVICE_FAMILY = "1,2";
			};
			name = Debug;
		};
		B48038522B0690AC00070806 /* Release */ = {
			isa = XCBuildConfiguration;
			buildSettings = {
				ASSETCATALOG_COMPILER_APPICON_NAME = AppIcon;
				ASSETCATALOG_COMPILER_GLOBAL_ACCENT_COLOR_NAME = AccentColor;
				CODE_SIGN_STYLE = Automatic;
				CURRENT_PROJECT_VERSION = 1;
				DEVELOPMENT_ASSET_PATHS = "\"PresentationWork/Preview Content\"";
				DEVELOPMENT_TEAM = J2JH2D8LT6;
				ENABLE_PREVIEWS = YES;
				GENERATE_INFOPLIST_FILE = YES;
				INFOPLIST_KEY_NSMainStoryboardFile = "";
				INFOPLIST_KEY_UIApplicationSceneManifest_Generation = YES;
				INFOPLIST_KEY_UIApplicationSupportsIndirectInputEvents = YES;
				INFOPLIST_KEY_UILaunchScreen_Generation = YES;
				INFOPLIST_KEY_UILaunchStoryboardName = "";
				INFOPLIST_KEY_UIMainStoryboardFile = "";
				INFOPLIST_KEY_UISupportedInterfaceOrientations_iPad = "UIInterfaceOrientationPortrait UIInterfaceOrientationPortraitUpsideDown UIInterfaceOrientationLandscapeLeft UIInterfaceOrientationLandscapeRight";
				INFOPLIST_KEY_UISupportedInterfaceOrientations_iPhone = "UIInterfaceOrientationPortrait UIInterfaceOrientationLandscapeLeft UIInterfaceOrientationLandscapeRight";
				LD_RUNPATH_SEARCH_PATHS = (
					"$(inherited)",
					"@executable_path/Frameworks",
				);
				MARKETING_VERSION = 1.0;
				PRODUCT_BUNDLE_IDENTIFIER = Swiftui.PresentationWork;
				PRODUCT_NAME = "$(TARGET_NAME)";
				SWIFT_EMIT_LOC_STRINGS = YES;
				SWIFT_VERSION = 5.0;
				TARGETED_DEVICE_FAMILY = "1,2";
			};
			name = Release;
		};
/* End XCBuildConfiguration section */

/* Begin XCConfigurationList section */
		B480383D2B0690AB00070806 /* Build configuration list for PBXProject "PresentationWork" */ = {
			isa = XCConfigurationList;
			buildConfigurations = (
				B480384E2B0690AC00070806 /* Debug */,
				B480384F2B0690AC00070806 /* Release */,
			);
			defaultConfigurationIsVisible = 0;
			defaultConfigurationName = Release;
		};
		B48038502B0690AC00070806 /* Build configuration list for PBXNativeTarget "PresentationWork" */ = {
			isa = XCConfigurationList;
			buildConfigurations = (
				B48038512B0690AC00070806 /* Debug */,
				B48038522B0690AC00070806 /* Release */,
			);
			defaultConfigurationIsVisible = 0;
			defaultConfigurationName = Release;
		};
/* End XCConfigurationList section */
	};
	rootObject = B480383A2B0690AB00070806 /* Project object */;
}
